
Microsoft Visual Studio Solution File, Format Version 12.00
# Visual Studio Version 17
VisualStudioVersion = 17.14.37628.2
MinimumVisualStudioVersion = 10.0.40219.1
Project("{2150E333-8FDC-42A3-9474-1A3956D46DE8}") = "Src", "Src", "{02EA681E-C7D8-13C7-8484-4AC65E1B71E8}"
EndProject
Project("{2150E333-8FDC-42A3-9474-1A3956D46DE8}") = "Tests", "Tests", "{14CE32D5-D2A6-448D-BA51-64E394D267A1}"
EndProject
Project("{2150E333-8FDC-42A3-9474-1A3956D46DE8}") = "Doc", "Doc", "{15A8916E-683B-4897-AB45-1FE21771BE9E}"
EndProject
Project("{2150E333-8FDC-42A3-9474-1A3956D46DE8}") = "Solution Items", "Solution Items", "{E5B23E2E-FC65-4FF6-8A8D-496DF12FEF89}"
EndProject
Project("{2150E333-8FDC-42A3-9474-1A3956D46DE8}") = "Core", "Core", "{FD4FBC35-089E-4CCA-A3E8-C41FDA6D1DD4}"
EndProject
Project("{FAE04EC0-301F-11D3-BF4B-00C04F79EFBC}") = "Domain", "Domain\Domain.csproj", "{CFE5C965-0185-4940-9277-043BBB293254}"
EndProject
Project("{FAE04EC0-301F-11D3-BF4B-00C04F79EFBC}") = "Application", "Application\Application.csproj", "{DC19147F-B9C7-4C52-BC6C-019168ECF283}"
EndProject
Project("{2150E333-8FDC-42A3-9474-1A3956D46DE8}") = "Infrastructures", "Infrastructures", "{F067FE3A-2231-4FDE-8257-B1C3C1C01C15}"
EndProject
Project("{2150E333-8FDC-42A3-9474-1A3956D46DE8}") = "Presentation", "Presentation", "{ED984636-89AC-45AD-9047-9CCDB5062D27}"
EndProject
Project("{FAE04EC0-301F-11D3-BF4B-00C04F79EFBC}") = "Infrastructure", "Infrastructure\Infrastructure.csproj", "{C47D695A-53F0-4559-BC89-4386EF2D94B5}"
EndProject
Project("{FAE04EC0-301F-11D3-BF4B-00C04F79EFBC}") = "Persistence", "Persistence\Persistence.csproj", "{43DB9D69-14A2-48E7-9ED1-72138F9F4961}"
EndProject
Project("{FAE04EC0-301F-11D3-BF4B-00C04F79EFBC}") = "WebSite.EndPoint", "WebSite.EndPoint\WebSite.EndPoint.csproj", "{542EC312-0864-43C6-9537-632B9F03C290}"
EndProject
Project("{FAE04EC0-301F-11D3-BF4B-00C04F79EFBC}") = "Admin.EndPoint", "Admin.EndPoint\Admin.EndPoint.csproj", "{E8C7CDD8-F8E4-4957-923D-5DA391F9F4FE}"
EndProject
Project("{2150E333-8FDC-42A3-9474-1A3956D46DE8}") = "Commons", "Commons", "{73E5AF61-AB07-4FF8-9B72-25385C14173C}"
EndProject
Project("{FAE04EC0-301F-11D3-BF4B-00C04F79EFBC}") = "Common", "Common\Common.csproj", "{79E01466-BF19-4353-8ECE-9C02E69867DA}"
EndProject
Global
	GlobalSection(SolutionConfigurationPlatforms) = preSolution
		Debug|Any CPU = Debug|Any CPU
		Release|Any CPU = Release|Any CPU
	EndGlobalSection
	GlobalSection(ProjectConfigurationPlatforms) = postSolution
		{CFE5C965-0185-4940-9277-043BBB293254}.Debug|Any CPU.ActiveCfg = Debug|Any CPU
		{CFE5C965-0185-4940-9277-043BBB293254}.Debug|Any CPU.Build.0 = Debug|Any CPU
		{CFE5C965-0185-4940-9277-043BBB293254}.Release|Any CPU.ActiveCfg = Release|Any CPU
		{CFE5C965-0185-4940-9277-043BBB293254}.Release|Any CPU.Build.0 = Release|Any CPU
		{DC19147F-B9C7-4C52-BC6C-019168ECF283}.Debug|Any CPU.ActiveCfg = Debug|Any CPU
		{DC19147F-B9C7-4C52-BC6C-019168ECF283}.Debug|Any CPU.Build.0 = Debug|Any CPU
		{DC19147F-B9C7-4C52-BC6C-019168ECF283}.Release|Any CPU.ActiveCfg = Release|Any CPU
		{DC19147F-B9C7-4C52-BC6C-019168ECF283}.Release|Any CPU.Build.0 = Release|Any CPU
		{C47D695A-53F0-4559-BC89-4386EF2D94B5}.Debug|Any CPU.ActiveCfg = Debug|Any CPU
		{C47D695A-53F0-4559-BC89-4386EF2D94B5}.Debug|Any CPU.Build.0 = Debug|Any CPU
		{C47D695A-53F0-4559-BC89-4386EF2D94B5}.Release|Any CPU.ActiveCfg = Release|Any CPU
		{C47D695A-53F0-4559-BC89-4386EF2D94B5}.Release|Any CPU.Build.0 = Release|Any CPU
		{43DB9D69-14A2-48E7-9ED1-72138F9F4961}.Debug|Any CPU.ActiveCfg = Debug|Any CPU
		{43DB9D69-14A2-48E7-9ED1-72138F9F4961}.Debug|Any CPU.Build.0 = Debug|Any CPU
		{43DB9D69-14A2-48E7-9ED1-72138F9F4961}.Release|Any CPU.ActiveCfg = Release|Any CPU
		{43DB9D69-14A2-48E7-9ED1-72138F9F4961}.Release|Any CPU.Build.0 = Release|Any CPU
		{542EC312-0864-43C6-9537-632B9F03C290}.Debug|Any CPU.ActiveCfg = Debug|Any CPU
		{542EC312-0864-43C6-9537-632B9F03C290}.Debug|Any CPU.Build.0 = Debug|Any CPU
		{542EC312-0864-43C6-9537-632B9F03C290}.Release|Any CPU.ActiveCfg = Release|Any CPU
		{542EC312-0864-43C6-9537-632B9F03C290}.Release|Any CPU.Build.0 = Release|Any CPU
		{E8C7CDD8-F8E4-4957-923D-5DA391F9F4FE}.Debug|Any CPU.ActiveCfg = Debug|Any CPU
		{E8C7CDD8-F8E4-4957-923D-5DA391F9F4FE}.Debug|Any CPU.Build.0 = Debug|Any CPU
		{E8C7CDD8-F8E4-4957-923D-5DA391F9F4FE}.Release|Any CPU.ActiveCfg = Release|Any CPU
		{E8C7CDD8-F8E4-4957-923D-5DA391F9F4FE}.Release|Any CPU.Build.0 = Release|Any CPU
		{79E01466-BF19-4353-8ECE-9C02E69867DA}.Debug|Any CPU.ActiveCfg = Debug|Any CPU
		{79E01466-BF19-4353-8ECE-9C02E69867DA}.Debug|Any CPU.Build.0 = Debug|Any CPU
		{79E01466-BF19-4353-8ECE-9C02E69867DA}.Release|Any CPU.ActiveCfg = Release|Any CPU
		{79E01466-BF19-4353-8ECE-9C02E69867DA}.Release|Any CPU.Build.0 = Release|Any CPU
	EndGlobalSection
	GlobalSection(SolutionProperties) = preSolution
		HideSolutionNode = FALSE
	EndGlobalSection
	GlobalSection(NestedProjects) = preSolution
		{FD4FBC35-089E-4CCA-A3E8-C41FDA6D1DD4} = {02EA681E-C7D8-13C7-8484-4AC65E1B71E8}
		{CFE5C965-0185-4940-9277-043BBB293254} = {FD4FBC35-089E-4CCA-A3E8-C41FDA6D1DD4}
		{DC19147F-B9C7-4C52-BC6C-019168ECF283} = {FD4FBC35-089E-4CCA-A3E8-C41FDA6D1DD4}
		{F067FE3A-2231-4FDE-8257-B1C3C1C01C15} = {02EA681E-C7D8-13C7-8484-4AC65E1B71E8}
		{ED984636-89AC-45AD-9047-9CCDB5062D27} = {02EA681E-C7D8-13C7-8484-4AC65E1B71E8}
		{C47D695A-53F0-4559-BC89-4386EF2D94B5} = {F067FE3A-2231-4FDE-8257-B1C3C1C01C15}
		{43DB9D69-14A2-48E7-9ED1-72138F9F4961} = {F067FE3A-2231-4FDE-8257-B1C3C1C01C15}
		{542EC312-0864-43C6-9537-632B9F03C290} = {ED984636-89AC-45AD-9047-9CCDB5062D27}
		{E8C7CDD8-F8E4-4957-923D-5DA391F9F4FE} = {ED984636-89AC-45AD-9047-9CCDB5062D27}
		{73E5AF61-AB07-4FF8-9B72-25385C14173C} = {02EA681E-C7D8-13C7-8484-4AC65E1B71E8}
		{79E01466-BF19-4353-8ECE-9C02E69867DA} = {73E5AF61-AB07-4FF8-9B72-25385C14173C}
	EndGlobalSection
	GlobalSection(ExtensibilityGlobals) = postSolution
		SolutionGuid = {077FB8B1-5B04-4DB5-9B1A-FDF599046867}
	EndGlobalSection
EndGlobal
